
Microsoft Visual Studio Solution File, Format Version 12.00
# Visual Studio Version 17
VisualStudioVersion = 17.0.31903.59
MinimumVisualStudioVersion = 10.0.40219.1
Project("{FAE04EC0-301F-11D3-BF4B-00C04F79EFBC}") = "PersonasV2", "PersonasV2\PersonasV2.csproj", "{17D1E482-F966-4BC5-9464-B6621689D0E4}"
EndProject
Project("{FAE04EC0-301F-11D3-BF4B-00C04F79EFBC}") = "Quijote", "Quijote\Quijote.csproj", "{2657AC81-1AD1-41E9-8E37-D825D4EA718C}"
EndProject
Global
	GlobalSection(SolutionConfigurationPlatforms) = preSolution
		Debug|Any CPU = Debug|Any CPU
		Release|Any CPU = Release|Any CPU
	EndGlobalSection
	GlobalSection(SolutionProperties) = preSolution
		HideSolutionNode = FALSE
	EndGlobalSection
	GlobalSection(ProjectConfigurationPlatforms) = postSolution
		{17D1E482-F966-4BC5-9464-B6621689D0E4}.Debug|Any CPU.ActiveCfg = Debug|Any CPU
		{17D1E482-F966-4BC5-9464-B6621689D0E4}.Debug|Any CPU.Build.0 = Debug|Any CPU
		{17D1E482-F966-4BC5-9464-B6621689D0E4}.Release|Any CPU.ActiveCfg = Release|Any CPU
		{17D1E482-F966-4BC5-9464-B6621689D0E4}.Release|Any CPU.Build.0 = Release|Any CPU
		{2657AC81-1AD1-41E9-8E37-D825D4EA718C}.Debug|Any CPU.ActiveCfg = Debug|Any CPU
		{2657AC81-1AD1-41E9-8E37-D825D4EA718C}.Debug|Any CPU.Build.0 = Debug|Any CPU
		{2657AC81-1AD1-41E9-8E37-D825D4EA718C}.Release|Any CPU.ActiveCfg = Release|Any CPU
		{2657AC81-1AD1-41E9-8E37-D825D4EA718C}.Release|Any CPU.Build.0 = Release|Any CPU
	EndGlobalSection
EndGlobal
