
Microsoft Visual Studio Solution File, Format Version 12.00
# Visual Studio Version 17
VisualStudioVersion = 17.0.31903.59
MinimumVisualStudioVersion = 10.0.40219.1
Project("{FAE04EC0-301F-11D3-BF4B-00C04F79EFBC}") = "ABMPersonas", "ABMPersonas\ABMPersonas.csproj", "{91FD0BFC-3230-4F43-8A63-93D5F6A16406}"
EndProject
Global
	GlobalSection(SolutionConfigurationPlatforms) = preSolution
		Debug|Any CPU = Debug|Any CPU
		Release|Any CPU = Release|Any CPU
	EndGlobalSection
	GlobalSection(SolutionProperties) = preSolution
		HideSolutionNode = FALSE
	EndGlobalSection
	GlobalSection(ProjectConfigurationPlatforms) = postSolution
		{91FD0BFC-3230-4F43-8A63-93D5F6A16406}.Debug|Any CPU.ActiveCfg = Debug|Any CPU
		{91FD0BFC-3230-4F43-8A63-93D5F6A16406}.Debug|Any CPU.Build.0 = Debug|Any CPU
		{91FD0BFC-3230-4F43-8A63-93D5F6A16406}.Release|Any CPU.ActiveCfg = Release|Any CPU
		{91FD0BFC-3230-4F43-8A63-93D5F6A16406}.Release|Any CPU.Build.0 = Release|Any CPU
	EndGlobalSection
EndGlobal
