
Microsoft Visual Studio Solution File, Format Version 12.00
# Visual Studio Version 17
VisualStudioVersion = 17.0.31903.59
MinimumVisualStudioVersion = 10.0.40219.1
Project("{FAE04EC0-301F-11D3-BF4B-00C04F79EFBC}") = "Veterinaria", "Veterinaria\Veterinaria.csproj", "{B3FA81A7-DAB2-4F64-8138-4701C392A136}"
EndProject
Global
	GlobalSection(SolutionConfigurationPlatforms) = preSolution
		Debug|Any CPU = Debug|Any CPU
		Release|Any CPU = Release|Any CPU
	EndGlobalSection
	GlobalSection(SolutionProperties) = preSolution
		HideSolutionNode = FALSE
	EndGlobalSection
	GlobalSection(ProjectConfigurationPlatforms) = postSolution
		{B3FA81A7-DAB2-4F64-8138-4701C392A136}.Debug|Any CPU.ActiveCfg = Debug|Any CPU
		{B3FA81A7-DAB2-4F64-8138-4701C392A136}.Debug|Any CPU.Build.0 = Debug|Any CPU
		{B3FA81A7-DAB2-4F64-8138-4701C392A136}.Release|Any CPU.ActiveCfg = Release|Any CPU
		{B3FA81A7-DAB2-4F64-8138-4701C392A136}.Release|Any CPU.Build.0 = Release|Any CPU
	EndGlobalSection
EndGlobal
